
Microsoft Visual Studio Solution File, Format Version 11.00
# Visual Studio 2010
Project("{FAE04EC0-301F-11D3-BF4B-00C04F79EFBC}") = "oserver", "oserver.csproj", "{49B4C975-A6D4-4054-980C-ED784C7E0399}"
EndProject
Project("{FAE04EC0-301F-11D3-BF4B-00C04F79EFBC}") = "NetShit", "..\..\NetShit\trunk\NetShit.csproj", "{B637235E-7CC5-4600-BA00-46F5FACD2DE4}"
EndProject
Project("{FAE04EC0-301F-11D3-BF4B-00C04F79EFBC}") = "LobbyClient", "C:\Users\d0c\Documents\Visual Studio 2010\Projects\Lobby\LobbyClient\LobbyClient.csproj", "{9155711C-4AAE-4DED-A04B-B2FB2FFE5181}"
EndProject
Project("{FAE04EC0-301F-11D3-BF4B-00C04F79EFBC}") = "oserverremote", "..\oserverremote\oserverremote.csproj", "{C055565E-4A24-44BD-9C72-59326A0B23D3}"
EndProject
Global
	GlobalSection(SubversionScc) = preSolution
		Svn-Managed = True
		Manager = AnkhSVN - Subversion Support for Visual Studio
	EndGlobalSection
	GlobalSection(SolutionConfigurationPlatforms) = preSolution
		Debug|Any CPU = Debug|Any CPU
		Debug|Mixed Platforms = Debug|Mixed Platforms
		Debug|x86 = Debug|x86
		Release|Any CPU = Release|Any CPU
		Release|Mixed Platforms = Release|Mixed Platforms
		Release|x86 = Release|x86
	EndGlobalSection
	GlobalSection(ProjectConfigurationPlatforms) = postSolution
		{49B4C975-A6D4-4054-980C-ED784C7E0399}.Debug|Any CPU.ActiveCfg = Debug|Any CPU
		{49B4C975-A6D4-4054-980C-ED784C7E0399}.Debug|Any CPU.Build.0 = Debug|Any CPU
		{49B4C975-A6D4-4054-980C-ED784C7E0399}.Debug|Mixed Platforms.ActiveCfg = Debug|Any CPU
		{49B4C975-A6D4-4054-980C-ED784C7E0399}.Debug|Mixed Platforms.Build.0 = Debug|Any CPU
		{49B4C975-A6D4-4054-980C-ED784C7E0399}.Debug|x86.ActiveCfg = Debug|Any CPU
		{49B4C975-A6D4-4054-980C-ED784C7E0399}.Release|Any CPU.ActiveCfg = Release|Any CPU
		{49B4C975-A6D4-4054-980C-ED784C7E0399}.Release|Any CPU.Build.0 = Release|Any CPU
		{49B4C975-A6D4-4054-980C-ED784C7E0399}.Release|Mixed Platforms.ActiveCfg = Release|Any CPU
		{49B4C975-A6D4-4054-980C-ED784C7E0399}.Release|Mixed Platforms.Build.0 = Release|Any CPU
		{49B4C975-A6D4-4054-980C-ED784C7E0399}.Release|x86.ActiveCfg = Release|Any CPU
		{B637235E-7CC5-4600-BA00-46F5FACD2DE4}.Debug|Any CPU.ActiveCfg = Debug|Any CPU
		{B637235E-7CC5-4600-BA00-46F5FACD2DE4}.Debug|Any CPU.Build.0 = Debug|Any CPU
		{B637235E-7CC5-4600-BA00-46F5FACD2DE4}.Debug|Mixed Platforms.ActiveCfg = Debug|Any CPU
		{B637235E-7CC5-4600-BA00-46F5FACD2DE4}.Debug|Mixed Platforms.Build.0 = Debug|Any CPU
		{B637235E-7CC5-4600-BA00-46F5FACD2DE4}.Debug|x86.ActiveCfg = Debug|Any CPU
		{B637235E-7CC5-4600-BA00-46F5FACD2DE4}.Release|Any CPU.ActiveCfg = Release|Any CPU
		{B637235E-7CC5-4600-BA00-46F5FACD2DE4}.Release|Any CPU.Build.0 = Release|Any CPU
		{B637235E-7CC5-4600-BA00-46F5FACD2DE4}.Release|Mixed Platforms.ActiveCfg = Release|Any CPU
		{B637235E-7CC5-4600-BA00-46F5FACD2DE4}.Release|Mixed Platforms.Build.0 = Release|Any CPU
		{B637235E-7CC5-4600-BA00-46F5FACD2DE4}.Release|x86.ActiveCfg = Release|Any CPU
		{9155711C-4AAE-4DED-A04B-B2FB2FFE5181}.Debug|Any CPU.ActiveCfg = Debug|Any CPU
		{9155711C-4AAE-4DED-A04B-B2FB2FFE5181}.Debug|Any CPU.Build.0 = Debug|Any CPU
		{9155711C-4AAE-4DED-A04B-B2FB2FFE5181}.Debug|Mixed Platforms.ActiveCfg = Debug|Any CPU
		{9155711C-4AAE-4DED-A04B-B2FB2FFE5181}.Debug|Mixed Platforms.Build.0 = Debug|Any CPU
		{9155711C-4AAE-4DED-A04B-B2FB2FFE5181}.Debug|x86.ActiveCfg = Debug|Any CPU
		{9155711C-4AAE-4DED-A04B-B2FB2FFE5181}.Release|Any CPU.ActiveCfg = Release|Any CPU
		{9155711C-4AAE-4DED-A04B-B2FB2FFE5181}.Release|Any CPU.Build.0 = Release|Any CPU
		{9155711C-4AAE-4DED-A04B-B2FB2FFE5181}.Release|Mixed Platforms.ActiveCfg = Release|Any CPU
		{9155711C-4AAE-4DED-A04B-B2FB2FFE5181}.Release|Mixed Platforms.Build.0 = Release|Any CPU
		{9155711C-4AAE-4DED-A04B-B2FB2FFE5181}.Release|x86.ActiveCfg = Release|Any CPU
		{C055565E-4A24-44BD-9C72-59326A0B23D3}.Debug|Any CPU.ActiveCfg = Debug|x86
		{C055565E-4A24-44BD-9C72-59326A0B23D3}.Debug|Mixed Platforms.ActiveCfg = Debug|Any CPU
		{C055565E-4A24-44BD-9C72-59326A0B23D3}.Debug|Mixed Platforms.Build.0 = Debug|Any CPU
		{C055565E-4A24-44BD-9C72-59326A0B23D3}.Debug|x86.ActiveCfg = Debug|x86
		{C055565E-4A24-44BD-9C72-59326A0B23D3}.Debug|x86.Build.0 = Debug|x86
		{C055565E-4A24-44BD-9C72-59326A0B23D3}.Release|Any CPU.ActiveCfg = Release|x86
		{C055565E-4A24-44BD-9C72-59326A0B23D3}.Release|Mixed Platforms.ActiveCfg = Release|x86
		{C055565E-4A24-44BD-9C72-59326A0B23D3}.Release|Mixed Platforms.Build.0 = Release|x86
		{C055565E-4A24-44BD-9C72-59326A0B23D3}.Release|x86.ActiveCfg = Release|x86
		{C055565E-4A24-44BD-9C72-59326A0B23D3}.Release|x86.Build.0 = Release|x86
	EndGlobalSection
	GlobalSection(SolutionProperties) = preSolution
		HideSolutionNode = FALSE
	EndGlobalSection
	GlobalSection(MonoDevelopProperties) = preSolution
		StartupItem = oserver.csproj
	EndGlobalSection
EndGlobal
